
Microsoft Visual Studio Solution File, Format Version 12.00
# Visual Studio Version 17
VisualStudioVersion = 17.0.31903.59
MinimumVisualStudioVersion = 10.0.40219.1
Project("{FAE04EC0-301F-11D3-BF4B-00C04F79EFBC}") = "XbrlProcessor", "XbrlProcessor\XbrlProcessor.csproj", "{CF2B4958-D169-4446-8CA3-57A2264DC594}"
EndProject
Project("{FAE04EC0-301F-11D3-BF4B-00C04F79EFBC}") = "XbrlProcessor.Tests", "XbrlProcessor.Tests\XbrlProcessor.Tests.csproj", "{F4A7CA27-8731-425A-9B46-B36A9359B911}"
EndProject
Project("{FAE04EC0-301F-11D3-BF4B-00C04F79EFBC}") = "XbrlProcessor.Benchmarks", "XbrlProcessor.Benchmarks\XbrlProcessor.Benchmarks.csproj", "{3D66D01C-9826-46D4-AEF8-6A4B7D11AAF6}"
EndProject
Global
	GlobalSection(SolutionConfigurationPlatforms) = preSolution
		Debug|Any CPU = Debug|Any CPU
		Debug|x64 = Debug|x64
		Debug|x86 = Debug|x86
		Release|Any CPU = Release|Any CPU
		Release|x64 = Release|x64
		Release|x86 = Release|x86
	EndGlobalSection
	GlobalSection(ProjectConfigurationPlatforms) = postSolution
		{CF2B4958-D169-4446-8CA3-57A2264DC594}.Debug|Any CPU.ActiveCfg = Debug|Any CPU
		{CF2B4958-D169-4446-8CA3-57A2264DC594}.Debug|Any CPU.Build.0 = Debug|Any CPU
		{CF2B4958-D169-4446-8CA3-57A2264DC594}.Debug|x64.ActiveCfg = Debug|Any CPU
		{CF2B4958-D169-4446-8CA3-57A2264DC594}.Debug|x64.Build.0 = Debug|Any CPU
		{CF2B4958-D169-4446-8CA3-57A2264DC594}.Debug|x86.ActiveCfg = Debug|Any CPU
		{CF2B4958-D169-4446-8CA3-57A2264DC594}.Debug|x86.Build.0 = Debug|Any CPU
		{CF2B4958-D169-4446-8CA3-57A2264DC594}.Release|Any CPU.ActiveCfg = Release|Any CPU
		{CF2B4958-D169-4446-8CA3-57A2264DC594}.Release|Any CPU.Build.0 = Release|Any CPU
		{CF2B4958-D169-4446-8CA3-57A2264DC594}.Release|x64.ActiveCfg = Release|Any CPU
		{CF2B4958-D169-4446-8CA3-57A2264DC594}.Release|x64.Build.0 = Release|Any CPU
		{CF2B4958-D169-4446-8CA3-57A2264DC594}.Release|x86.ActiveCfg = Release|Any CPU
		{CF2B4958-D169-4446-8CA3-57A2264DC594}.Release|x86.Build.0 = Release|Any CPU
		{F4A7CA27-8731-425A-9B46-B36A9359B911}.Debug|Any CPU.ActiveCfg = Debug|Any CPU
		{F4A7CA27-8731-425A-9B46-B36A9359B911}.Debug|Any CPU.Build.0 = Debug|Any CPU
		{F4A7CA27-8731-425A-9B46-B36A9359B911}.Debug|x64.ActiveCfg = Debug|Any CPU
		{F4A7CA27-8731-425A-9B46-B36A9359B911}.Debug|x64.Build.0 = Debug|Any CPU
		{F4A7CA27-8731-425A-9B46-B36A9359B911}.Debug|x86.ActiveCfg = Debug|Any CPU
		{F4A7CA27-8731-425A-9B46-B36A9359B911}.Debug|x86.Build.0 = Debug|Any CPU
		{F4A7CA27-8731-425A-9B46-B36A9359B911}.Release|Any CPU.ActiveCfg = Release|Any CPU
		{F4A7CA27-8731-425A-9B46-B36A9359B911}.Release|Any CPU.Build.0 = Release|Any CPU
		{F4A7CA27-8731-425A-9B46-B36A9359B911}.Release|x64.ActiveCfg = Release|Any CPU
		{F4A7CA27-8731-425A-9B46-B36A9359B911}.Release|x64.Build.0 = Release|Any CPU
		{F4A7CA27-8731-425A-9B46-B36A9359B911}.Release|x86.ActiveCfg = Release|Any CPU
		{F4A7CA27-8731-425A-9B46-B36A9359B911}.Release|x86.Build.0 = Release|Any CPU
		{3D66D01C-9826-46D4-AEF8-6A4B7D11AAF6}.Debug|Any CPU.ActiveCfg = Debug|Any CPU
		{3D66D01C-9826-46D4-AEF8-6A4B7D11AAF6}.Debug|Any CPU.Build.0 = Debug|Any CPU
		{3D66D01C-9826-46D4-AEF8-6A4B7D11AAF6}.Debug|x64.ActiveCfg = Debug|Any CPU
		{3D66D01C-9826-46D4-AEF8-6A4B7D11AAF6}.Debug|x64.Build.0 = Debug|Any CPU
		{3D66D01C-9826-46D4-AEF8-6A4B7D11AAF6}.Debug|x86.ActiveCfg = Debug|Any CPU
		{3D66D01C-9826-46D4-AEF8-6A4B7D11AAF6}.Debug|x86.Build.0 = Debug|Any CPU
		{3D66D01C-9826-46D4-AEF8-6A4B7D11AAF6}.Release|Any CPU.ActiveCfg = Release|Any CPU
		{3D66D01C-9826-46D4-AEF8-6A4B7D11AAF6}.Release|Any CPU.Build.0 = Release|Any CPU
		{3D66D01C-9826-46D4-AEF8-6A4B7D11AAF6}.Release|x64.ActiveCfg = Release|Any CPU
		{3D66D01C-9826-46D4-AEF8-6A4B7D11AAF6}.Release|x64.Build.0 = Release|Any CPU
		{3D66D01C-9826-46D4-AEF8-6A4B7D11AAF6}.Release|x86.ActiveCfg = Release|Any CPU
		{3D66D01C-9826-46D4-AEF8-6A4B7D11AAF6}.Release|x86.Build.0 = Release|Any CPU
	EndGlobalSection
	GlobalSection(SolutionProperties) = preSolution
		HideSolutionNode = FALSE
	EndGlobalSection
EndGlobal
